
Microsoft Visual Studio Solution File, Format Version 12.00
# Visual Studio Version 17
VisualStudioVersion = 17.2.32630.192
MinimumVisualStudioVersion = 10.0.40219.1
Project("{FAE04EC0-301F-11D3-BF4B-00C04F79EFBC}") = "JiraDiscord", "JiraDiscord\JiraDiscord.csproj", "{2C4D0C47-B3E7-4F30-AD2F-5A41728333F1}"
EndProject
Global
	GlobalSection(SolutionConfigurationPlatforms) = preSolution
		Debug|Any CPU = Debug|Any CPU
		Release|Any CPU = Release|Any CPU
	EndGlobalSection
	GlobalSection(ProjectConfigurationPlatforms) = postSolution
		{2C4D0C47-B3E7-4F30-AD2F-5A41728333F1}.Debug|Any CPU.ActiveCfg = Debug|Any CPU
		{2C4D0C47-B3E7-4F30-AD2F-5A41728333F1}.Debug|Any CPU.Build.0 = Debug|Any CPU
		{2C4D0C47-B3E7-4F30-AD2F-5A41728333F1}.Release|Any CPU.ActiveCfg = Release|Any CPU
		{2C4D0C47-B3E7-4F30-AD2F-5A41728333F1}.Release|Any CPU.Build.0 = Release|Any CPU
	EndGlobalSection
	GlobalSection(SolutionProperties) = preSolution
		HideSolutionNode = FALSE
	EndGlobalSection
	GlobalSection(ExtensibilityGlobals) = postSolution
		SolutionGuid = {B508B7CD-7671-4EBF-A59C-F7A8053EADD8}
	EndGlobalSection
EndGlobal
